
Microsoft Visual Studio Solution File, Format Version 12.00
# Visual Studio 2013
VisualStudioVersion = 12.0.21005.1
MinimumVisualStudioVersion = 10.0.40219.1
Project("{FAE04EC0-301F-11D3-BF4B-00C04F79EFBC}") = "Conector", "Conector\Conector.csproj", "{E0240CE0-68B4-4AA5-8DC8-11DFB06FD558}"
EndProject
Project("{FAE04EC0-301F-11D3-BF4B-00C04F79EFBC}") = "ConfigConector", "ConfigConector\ConfigConector.csproj", "{4891234A-7185-4D0C-80C0-C5C8994AF7E9}"
EndProject
Global
	GlobalSection(SolutionConfigurationPlatforms) = preSolution
		Debug|Any CPU = Debug|Any CPU
		Release|Any CPU = Release|Any CPU
	EndGlobalSection
	GlobalSection(ProjectConfigurationPlatforms) = postSolution
		{E0240CE0-68B4-4AA5-8DC8-11DFB06FD558}.Debug|Any CPU.ActiveCfg = Debug|Any CPU
		{E0240CE0-68B4-4AA5-8DC8-11DFB06FD558}.Debug|Any CPU.Build.0 = Debug|Any CPU
		{E0240CE0-68B4-4AA5-8DC8-11DFB06FD558}.Release|Any CPU.ActiveCfg = Release|Any CPU
		{E0240CE0-68B4-4AA5-8DC8-11DFB06FD558}.Release|Any CPU.Build.0 = Release|Any CPU
		{4891234A-7185-4D0C-80C0-C5C8994AF7E9}.Debug|Any CPU.ActiveCfg = Debug|Any CPU
		{4891234A-7185-4D0C-80C0-C5C8994AF7E9}.Debug|Any CPU.Build.0 = Debug|Any CPU
		{4891234A-7185-4D0C-80C0-C5C8994AF7E9}.Release|Any CPU.ActiveCfg = Release|Any CPU
		{4891234A-7185-4D0C-80C0-C5C8994AF7E9}.Release|Any CPU.Build.0 = Release|Any CPU
	EndGlobalSection
	GlobalSection(SolutionProperties) = preSolution
		HideSolutionNode = FALSE
	EndGlobalSection
EndGlobal
